
Microsoft Visual Studio Solution File, Format Version 12.00
# Visual Studio Version 17
VisualStudioVersion = 17.3.32901.215
MinimumVisualStudioVersion = 10.0.40219.1
Project("{FAE04EC0-301F-11D3-BF4B-00C04F79EFBC}") = "Impexpdata", "Impexpdata\Impexpdata.csproj", "{172BCE1E-8B41-4320-9093-31020560C32E}"
EndProject
Project("{FAE04EC0-301F-11D3-BF4B-00C04F79EFBC}") = "CustomerTests", "CustomerTests\CustomerTests.csproj", "{CB6D35BB-290E-425A-94AE-D638DD0946F9}"
EndProject
Global
	GlobalSection(SolutionConfigurationPlatforms) = preSolution
		Debug|Any CPU = Debug|Any CPU
		Release|Any CPU = Release|Any CPU
	EndGlobalSection
	GlobalSection(ProjectConfigurationPlatforms) = postSolution
		{172BCE1E-8B41-4320-9093-31020560C32E}.Debug|Any CPU.ActiveCfg = Debug|Any CPU
		{172BCE1E-8B41-4320-9093-31020560C32E}.Debug|Any CPU.Build.0 = Debug|Any CPU
		{172BCE1E-8B41-4320-9093-31020560C32E}.Release|Any CPU.ActiveCfg = Release|Any CPU
		{172BCE1E-8B41-4320-9093-31020560C32E}.Release|Any CPU.Build.0 = Release|Any CPU
		{CB6D35BB-290E-425A-94AE-D638DD0946F9}.Debug|Any CPU.ActiveCfg = Debug|Any CPU
		{CB6D35BB-290E-425A-94AE-D638DD0946F9}.Debug|Any CPU.Build.0 = Debug|Any CPU
		{CB6D35BB-290E-425A-94AE-D638DD0946F9}.Release|Any CPU.ActiveCfg = Release|Any CPU
		{CB6D35BB-290E-425A-94AE-D638DD0946F9}.Release|Any CPU.Build.0 = Release|Any CPU
	EndGlobalSection
	GlobalSection(SolutionProperties) = preSolution
		HideSolutionNode = FALSE
	EndGlobalSection
	GlobalSection(ExtensibilityGlobals) = postSolution
		SolutionGuid = {E894DA7F-8057-42DE-A4B8-022298C83131}
	EndGlobalSection
EndGlobal
